{
    "version": 3,
    "terraform_version": "0.10.8",
    "serial": 2,
    "lineage": "26dff746-dddd-4940-9d61-015cb0414321",
    "modules": [
        {
            "path": [
                "root"
            ],
            "outputs": {},
            "resources": {
                "aws_internet_gateway.igw": {
                    "type": "aws_internet_gateway",
                    "depends_on": [
                        "aws_vpc.main-vpc"
                    ],
                    "primary": {
                        "id": "igw-004d2013e1bff6bc7",
                        "attributes": {
                            "id": "igw-004d2013e1bff6bc7",
                            "owner_id": "747914679199",
                            "tags.%": "1",
                            "tags.Name": "main",
                            "vpc_id": "vpc-0c82fe9d4d6cf3fd0"
                        },
                        "meta": {},
                        "tainted": false
                    },
                    "deposed": [],
                    "provider": ""
                },
                "aws_route_table.publicRT": {
                    "type": "aws_route_table",
                    "depends_on": [
                        "aws_internet_gateway.igw",
                        "aws_vpc.main-vpc"
                    ],
                    "primary": {
                        "id": "rtb-0e66eb2dc4494e5d4",
                        "attributes": {
                            "id": "rtb-0e66eb2dc4494e5d4",
                            "owner_id": "747914679199",
                            "propagating_vgws.#": "0",
                            "route.#": "1",
                            "route.470623072.cidr_block": "0.0.0.0/0",
                            "route.470623072.egress_only_gateway_id": "",
                            "route.470623072.gateway_id": "igw-004d2013e1bff6bc7",
                            "route.470623072.instance_id": "",
                            "route.470623072.ipv6_cidr_block": "",
                            "route.470623072.nat_gateway_id": "",
                            "route.470623072.network_interface_id": "",
                            "route.470623072.transit_gateway_id": "",
                            "route.470623072.vpc_peering_connection_id": "",
                            "tags.%": "1",
                            "tags.Name": "main",
                            "vpc_id": "vpc-0c82fe9d4d6cf3fd0"
                        },
                        "meta": {},
                        "tainted": false
                    },
                    "deposed": [],
                    "provider": ""
                },
                "aws_route_table_association.PublicRT-Association": {
                    "type": "aws_route_table_association",
                    "depends_on": [
                        "aws_route_table.publicRT",
                        "aws_subnet.public-subnet"
                    ],
                    "primary": {
                        "id": "rtbassoc-0e988056d0e95404d",
                        "attributes": {
                            "id": "rtbassoc-0e988056d0e95404d",
                            "route_table_id": "rtb-0e66eb2dc4494e5d4",
                            "subnet_id": "subnet-067f7b146ae06781d"
                        },
                        "meta": {},
                        "tainted": false
                    },
                    "deposed": [],
                    "provider": ""
                },
                "aws_subnet.public-subnet": {
                    "type": "aws_subnet",
                    "depends_on": [
                        "aws_vpc.main-vpc"
                    ],
                    "primary": {
                        "id": "subnet-067f7b146ae06781d",
                        "attributes": {
                            "arn": "arn:aws:ec2:us-east-1:747914679199:subnet/subnet-067f7b146ae06781d",
                            "assign_ipv6_address_on_creation": "false",
                            "availability_zone": "us-east-1a",
                            "availability_zone_id": "use1-az1",
                            "cidr_block": "10.0.1.0/24",
                            "id": "subnet-067f7b146ae06781d",
                            "ipv6_cidr_block": "",
                            "ipv6_cidr_block_association_id": "",
                            "map_public_ip_on_launch": "false",
                            "owner_id": "747914679199",
                            "tags.%": "1",
                            "tags.Name": "public-subnet",
                            "vpc_id": "vpc-0c82fe9d4d6cf3fd0"
                        },
                        "meta": {
                            "e2bfb730-ecaa-11e6-8f88-34363bc7c4c0": {
                                "create": 600000000000,
                                "delete": 1200000000000
                            },
                            "schema_version": "1"
                        },
                        "tainted": false
                    },
                    "deposed": [],
                    "provider": ""
                },
                "aws_vpc.main-vpc": {
                    "type": "aws_vpc",
                    "depends_on": [],
                    "primary": {
                        "id": "vpc-0c82fe9d4d6cf3fd0",
                        "attributes": {
                            "arn": "arn:aws:ec2:us-east-1:747914679199:vpc/vpc-0c82fe9d4d6cf3fd0",
                            "assign_generated_ipv6_cidr_block": "false",
                            "cidr_block": "10.0.0.0/16",
                            "default_network_acl_id": "acl-0261f96b2144d3604",
                            "default_route_table_id": "rtb-0e1a4a40bf013d542",
                            "default_security_group_id": "sg-0e820d813bb11cd99",
                            "dhcp_options_id": "dopt-1428db6e",
                            "enable_classiclink": "false",
                            "enable_classiclink_dns_support": "false",
                            "enable_dns_hostnames": "false",
                            "enable_dns_support": "true",
                            "id": "vpc-0c82fe9d4d6cf3fd0",
                            "instance_tenancy": "default",
                            "ipv6_association_id": "",
                            "ipv6_cidr_block": "",
                            "main_route_table_id": "rtb-0e1a4a40bf013d542",
                            "owner_id": "747914679199",
                            "tags.%": "1",
                            "tags.Name": "main-vpc"
                        },
                        "meta": {
                            "schema_version": "1"
                        },
                        "tainted": false
                    },
                    "deposed": [],
                    "provider": ""
                }
            },
            "depends_on": []
        }
    ]
}
